
Microsoft Visual Studio Solution File, Format Version 12.00
# Visual Studio Version 17
VisualStudioVersion = 17.5.33424.131
MinimumVisualStudioVersion = 10.0.40219.1
Project("{FAE04EC0-301F-11D3-BF4B-00C04F79EFBC}") = "LinqTest", "LinqTest\LinqTest.csproj", "{D2DB437D-7A84-4C61-BF27-FE12B2F08E36}"
EndProject
Global
	GlobalSection(SolutionConfigurationPlatforms) = preSolution
		Debug|Any CPU = Debug|Any CPU
		Release|Any CPU = Release|Any CPU
	EndGlobalSection
	GlobalSection(ProjectConfigurationPlatforms) = postSolution
		{D2DB437D-7A84-4C61-BF27-FE12B2F08E36}.Debug|Any CPU.ActiveCfg = Debug|Any CPU
		{D2DB437D-7A84-4C61-BF27-FE12B2F08E36}.Debug|Any CPU.Build.0 = Debug|Any CPU
		{D2DB437D-7A84-4C61-BF27-FE12B2F08E36}.Release|Any CPU.ActiveCfg = Release|Any CPU
		{D2DB437D-7A84-4C61-BF27-FE12B2F08E36}.Release|Any CPU.Build.0 = Release|Any CPU
	EndGlobalSection
	GlobalSection(SolutionProperties) = preSolution
		HideSolutionNode = FALSE
	EndGlobalSection
	GlobalSection(ExtensibilityGlobals) = postSolution
		SolutionGuid = {5DC7D2DD-E9E7-43F3-B589-E855AA2137D7}
	EndGlobalSection
EndGlobal
